
Microsoft Visual Studio Solution File, Format Version 12.00
# Visual Studio Version 17
VisualStudioVersion = 17.7.34031.279
MinimumVisualStudioVersion = 10.0.40219.1
Project("{FAE04EC0-301F-11D3-BF4B-00C04F79EFBC}") = "Server", "Server\Server.csproj", "{6DE24CB4-9349-4462-9119-BDF1F49DD5FE}"
EndProject
Project("{FAE04EC0-301F-11D3-BF4B-00C04F79EFBC}") = "Services", "Services\Services.csproj", "{0E25F83D-5FC4-4761-8BC1-28ECD5E65800}"
EndProject
Project("{FAE04EC0-301F-11D3-BF4B-00C04F79EFBC}") = "Logic", "Logic\Logic.csproj", "{AD041B6E-95C4-4704-8E72-8BB80C532963}"
EndProject
Project("{FAE04EC0-301F-11D3-BF4B-00C04F79EFBC}") = "DataModels", "DataModels\DataModels.csproj", "{47097D02-FED6-4588-8BAA-FE10BFF06C21}"
EndProject
Global
	GlobalSection(SolutionConfigurationPlatforms) = preSolution
		Debug|Any CPU = Debug|Any CPU
		Release|Any CPU = Release|Any CPU
	EndGlobalSection
	GlobalSection(ProjectConfigurationPlatforms) = postSolution
		{6DE24CB4-9349-4462-9119-BDF1F49DD5FE}.Debug|Any CPU.ActiveCfg = Debug|Any CPU
		{6DE24CB4-9349-4462-9119-BDF1F49DD5FE}.Debug|Any CPU.Build.0 = Debug|Any CPU
		{6DE24CB4-9349-4462-9119-BDF1F49DD5FE}.Release|Any CPU.ActiveCfg = Release|Any CPU
		{6DE24CB4-9349-4462-9119-BDF1F49DD5FE}.Release|Any CPU.Build.0 = Release|Any CPU
		{0E25F83D-5FC4-4761-8BC1-28ECD5E65800}.Debug|Any CPU.ActiveCfg = Debug|Any CPU
		{0E25F83D-5FC4-4761-8BC1-28ECD5E65800}.Debug|Any CPU.Build.0 = Debug|Any CPU
		{0E25F83D-5FC4-4761-8BC1-28ECD5E65800}.Release|Any CPU.ActiveCfg = Release|Any CPU
		{0E25F83D-5FC4-4761-8BC1-28ECD5E65800}.Release|Any CPU.Build.0 = Release|Any CPU
		{AD041B6E-95C4-4704-8E72-8BB80C532963}.Debug|Any CPU.ActiveCfg = Debug|Any CPU
		{AD041B6E-95C4-4704-8E72-8BB80C532963}.Debug|Any CPU.Build.0 = Debug|Any CPU
		{AD041B6E-95C4-4704-8E72-8BB80C532963}.Release|Any CPU.ActiveCfg = Release|Any CPU
		{AD041B6E-95C4-4704-8E72-8BB80C532963}.Release|Any CPU.Build.0 = Release|Any CPU
		{47097D02-FED6-4588-8BAA-FE10BFF06C21}.Debug|Any CPU.ActiveCfg = Debug|Any CPU
		{47097D02-FED6-4588-8BAA-FE10BFF06C21}.Debug|Any CPU.Build.0 = Debug|Any CPU
		{47097D02-FED6-4588-8BAA-FE10BFF06C21}.Release|Any CPU.ActiveCfg = Release|Any CPU
		{47097D02-FED6-4588-8BAA-FE10BFF06C21}.Release|Any CPU.Build.0 = Release|Any CPU
	EndGlobalSection
	GlobalSection(SolutionProperties) = preSolution
		HideSolutionNode = FALSE
	EndGlobalSection
	GlobalSection(ExtensibilityGlobals) = postSolution
		SolutionGuid = {8694B1E8-4632-4AB3-A927-545D0AC499EC}
	EndGlobalSection
EndGlobal
